// !$*UTF8*$!
{
	archiveVersion = 1;
	classes = {
	};
	objectVersion = 46;
	objects = {

/* Begin PBXBuildFile section */
		3032B8931805A10100064F85 /* Foundation.framework in Frameworks */ = {isa = PBXBuildFile; fileRef = 3032B8921805A10100064F85 /* Foundation.framework */; };
		3032B8951805A10100064F85 /* CoreGraphics.framework in Frameworks */ = {isa = PBXBuildFile; fileRef = 3032B8941805A10100064F85 /* CoreGraphics.framework */; };
		3032B8971805A10100064F85 /* UIKit.framework in Frameworks */ = {isa = PBXBuildFile; fileRef = 3032B8961805A10100064F85 /* UIKit.framework */; };
		3032B89D1805A10100064F85 /* InfoPlist.strings in Resources */ = {isa = PBXBuildFile; fileRef = 3032B89B1805A10100064F85 /* InfoPlist.strings */; };
		3032B89F1805A10100064F85 /* main.m in Sources */ = {isa = PBXBuildFile; fileRef = 3032B89E1805A10100064F85 /* main.m */; };
		3032B8A31805A10100064F85 /* DEMOAppDelegate.m in Sources */ = {isa = PBXBuildFile; fileRef = 3032B8A21805A10100064F85 /* DEMOAppDelegate.m */; };
		3032B8A61805A10100064F85 /* Main.storyboard in Resources */ = {isa = PBXBuildFile; fileRef = 3032B8A41805A10100064F85 /* Main.storyboard */; };
		3032B8A91805A10100064F85 /* DEMORootViewController.m in Sources */ = {isa = PBXBuildFile; fileRef = 3032B8A81805A10100064F85 /* DEMORootViewController.m */; };
		3032B8AB1805A10100064F85 /* Images.xcassets in Resources */ = {isa = PBXBuildFile; fileRef = 3032B8AA1805A10100064F85 /* Images.xcassets */; };
		3032B8B21805A10100064F85 /* XCTest.framework in Frameworks */ = {isa = PBXBuildFile; fileRef = 3032B8B11805A10100064F85 /* XCTest.framework */; };
		3032B8B31805A10100064F85 /* Foundation.framework in Frameworks */ = {isa = PBXBuildFile; fileRef = 3032B8921805A10100064F85 /* Foundation.framework */; };
		3032B8B41805A10100064F85 /* UIKit.framework in Frameworks */ = {isa = PBXBuildFile; fileRef = 3032B8961805A10100064F85 /* UIKit.framework */; };
		3032B8CE1805A1BC00064F85 /* DEMOHomeViewController.m in Sources */ = {isa = PBXBuildFile; fileRef = 3032B8CD1805A1BC00064F85 /* DEMOHomeViewController.m */; };
		3032B8D11805A1D200064F85 /* DEMOMenuViewController.m in Sources */ = {isa = PBXBuildFile; fileRef = 3032B8D01805A1D200064F85 /* DEMOMenuViewController.m */; };
		3032B8E01805A21600064F85 /* REFrostedContainerViewController.m in Sources */ = {isa = PBXBuildFile; fileRef = 3032B8D71805A21600064F85 /* REFrostedContainerViewController.m */; };
		3032B8E11805A21600064F85 /* REFrostedViewController.m in Sources */ = {isa = PBXBuildFile; fileRef = 3032B8D91805A21600064F85 /* REFrostedViewController.m */; };
		3032B8E21805A21600064F85 /* UIImage+REFrostedViewController.m in Sources */ = {isa = PBXBuildFile; fileRef = 3032B8DB1805A21600064F85 /* UIImage+REFrostedViewController.m */; };
		3032B8E31805A21600064F85 /* UIView+REFrostedViewController.m in Sources */ = {isa = PBXBuildFile; fileRef = 3032B8DD1805A21600064F85 /* UIView+REFrostedViewController.m */; };
		3032B8E41805A21600064F85 /* UIViewController+REFrostedViewController.m in Sources */ = {isa = PBXBuildFile; fileRef = 3032B8DF1805A21600064F85 /* UIViewController+REFrostedViewController.m */; };
		3032B8E71805A26500064F85 /* DEMONavigationController.m in Sources */ = {isa = PBXBuildFile; fileRef = 3032B8E61805A26500064F85 /* DEMONavigationController.m */; };
		3032B8EA1805A4BF00064F85 /* DEMOSecondViewController.m in Sources */ = {isa = PBXBuildFile; fileRef = 3032B8E91805A4BF00064F85 /* DEMOSecondViewController.m */; };
		3032B8FD1805AB5600064F85 /* avatar@2x.jpg in Resources */ = {isa = PBXBuildFile; fileRef = 3032B8FC1805AB5600064F85 /* avatar@2x.jpg */; };
		3032B9001805BC8E00064F85 /* RECommonFunctions.m in Sources */ = {isa = PBXBuildFile; fileRef = 3032B8FF1805BC8E00064F85 /* RECommonFunctions.m */; };
		5EA966B8E9304DB9BF81342F /* libPods.a in Frameworks */ = {isa = PBXBuildFile; fileRef = C106F8B4317A4D788877CA30 /* libPods.a */; };
		7337050B18CE362900575A5D /* CMQMasterViewController.m in Sources */ = {isa = PBXBuildFile; fileRef = 7337050818CE362900575A5D /* CMQMasterViewController.m */; };
		7337050C18CE362900575A5D /* CMQDetailViewController.m in Sources */ = {isa = PBXBuildFile; fileRef = 7337050A18CE362900575A5D /* CMQDetailViewController.m */; };
		7390DF3318CCF3410057030B /* libz.dylib in Frameworks */ = {isa = PBXBuildFile; fileRef = 7390DF3218CCF3410057030B /* libz.dylib */; };
		7390DF3518CCF6950057030B /* libsqlite3.dylib in Frameworks */ = {isa = PBXBuildFile; fileRef = 7390DF3418CCF6950057030B /* libsqlite3.dylib */; };
		739451EC18CF8CAA004784D3 /* Parse.framework in Frameworks */ = {isa = PBXBuildFile; fileRef = 739451EB18CF8CAA004784D3 /* Parse.framework */; };
		739451EE18CF8E5A004784D3 /* FacebookSDK.framework in Frameworks */ = {isa = PBXBuildFile; fileRef = 739451ED18CF8E5A004784D3 /* FacebookSDK.framework */; };
		7516E8281852B3E900CA8D26 /* REFrostedViewControllerExample-Info.plist in Resources */ = {isa = PBXBuildFile; fileRef = 7516E8271852B3E900CA8D26 /* REFrostedViewControllerExample-Info.plist */; };
		75202ED218C50AE500F01443 /* SearchViewController.m in Sources */ = {isa = PBXBuildFile; fileRef = 75202ED118C50AE500F01443 /* SearchViewController.m */; };
		756FEA2918616B64004476D1 /* CurrentOrderViewController.m in Sources */ = {isa = PBXBuildFile; fileRef = 756FEA2718616B64004476D1 /* CurrentOrderViewController.m */; };
		7584ACE218CB984A0052E534 /* SPGooglePlacesAutocompletePlace.m in Sources */ = {isa = PBXBuildFile; fileRef = 7584ACDB18CB984A0052E534 /* SPGooglePlacesAutocompletePlace.m */; };
		7584ACE318CB984A0052E534 /* SPGooglePlacesAutocompleteQuery.m in Sources */ = {isa = PBXBuildFile; fileRef = 7584ACDD18CB984A0052E534 /* SPGooglePlacesAutocompleteQuery.m */; };
		7584ACE418CB984A0052E534 /* SPGooglePlacesPlaceDetailQuery.m in Sources */ = {isa = PBXBuildFile; fileRef = 7584ACDF18CB984A0052E534 /* SPGooglePlacesPlaceDetailQuery.m */; };
		7584ACE518CB984A0052E534 /* SPGooglePlacesAutocompleteUtilities.m in Sources */ = {isa = PBXBuildFile; fileRef = 7584ACE118CB984A0052E534 /* SPGooglePlacesAutocompleteUtilities.m */; };
		7594797C185BFE82005BC9ED /* Salmon Blur.JPG in Resources */ = {isa = PBXBuildFile; fileRef = 7594797B185BFE82005BC9ED /* Salmon Blur.JPG */; };
		75AA700C1831687500F69D81 /* Background 9.png in Resources */ = {isa = PBXBuildFile; fileRef = 75AA700B1831687500F69D81 /* Background 9.png */; };
		75AA700E1831792C00F69D81 /* menu@2x.png in Resources */ = {isa = PBXBuildFile; fileRef = 75AA700D1831792C00F69D81 /* menu@2x.png */; };
		75C74DDA1886F25C00D19FF2 /* .gitignore in Resources */ = {isa = PBXBuildFile; fileRef = 75C74DD91886F25C00D19FF2 /* .gitignore */; };
		75D900FE182E8C49009372AC /* CoreLocation.framework in Frameworks */ = {isa = PBXBuildFile; fileRef = 75D900FD182E8C49009372AC /* CoreLocation.framework */; };
		75D90100182E8C68009372AC /* StoreKit.framework in Frameworks */ = {isa = PBXBuildFile; fileRef = 75D900FF182E8C68009372AC /* StoreKit.framework */; };
		75D90102182E8C6F009372AC /* MobileCoreServices.framework in Frameworks */ = {isa = PBXBuildFile; fileRef = 75D90101182E8C6F009372AC /* MobileCoreServices.framework */; };
		75D90104182E8C75009372AC /* QuartzCore.framework in Frameworks */ = {isa = PBXBuildFile; fileRef = 75D90103182E8C75009372AC /* QuartzCore.framework */; };
		75D90106182E8C83009372AC /* SystemConfiguration.framework in Frameworks */ = {isa = PBXBuildFile; fileRef = 75D90105182E8C83009372AC /* SystemConfiguration.framework */; };
		75D90109182E8CB5009372AC /* CFNetwork.framework in Frameworks */ = {isa = PBXBuildFile; fileRef = 75D90108182E8CB5009372AC /* CFNetwork.framework */; };
		75D9010B182E8CBC009372AC /* AudioToolbox.framework in Frameworks */ = {isa = PBXBuildFile; fileRef = 75D9010A182E8CBC009372AC /* AudioToolbox.framework */; };
		75D9010D182E8CD8009372AC /* Security.framework in Frameworks */ = {isa = PBXBuildFile; fileRef = 75D9010C182E8CD8009372AC /* Security.framework */; };
		75D9010F182E8CE2009372AC /* MapKit.framework in Frameworks */ = {isa = PBXBuildFile; fileRef = 75D9010E182E8CE2009372AC /* MapKit.framework */; };
		75D90126182F7598009372AC /* Accounts.framework in Frameworks */ = {isa = PBXBuildFile; fileRef = 75D90125182F7598009372AC /* Accounts.framework */; };
		75D90128182F75A1009372AC /* AdSupport.framework in Frameworks */ = {isa = PBXBuildFile; fileRef = 75D90127182F75A1009372AC /* AdSupport.framework */; };
		75D9012A182F75A6009372AC /* Social.framework in Frameworks */ = {isa = PBXBuildFile; fileRef = 75D90129182F75A6009372AC /* Social.framework */; };
		75D9013618304D8D009372AC /* menu.png in Resources */ = {isa = PBXBuildFile; fileRef = 75D9013518304D8D009372AC /* menu.png */; };
		75D90138183083E4009372AC /* square_bg_@2X.png in Resources */ = {isa = PBXBuildFile; fileRef = 75D90137183083E4009372AC /* square_bg_@2X.png */; };
		75E36F0218633B7200300EF7 /* OrderSummaryAndPayment.m in Sources */ = {isa = PBXBuildFile; fileRef = 75E36F0118633B7200300EF7 /* OrderSummaryAndPayment.m */; };
		75E36F0E186369B800300EF7 /* MessagesViewController.m in Sources */ = {isa = PBXBuildFile; fileRef = 75E36F0D186369B800300EF7 /* MessagesViewController.m */; };
		75E36F1118636A1C00300EF7 /* OrderCheck.m in Sources */ = {isa = PBXBuildFile; fileRef = 75E36F1018636A1C00300EF7 /* OrderCheck.m */; };
		75E36F1418636A7F00300EF7 /* SettingsViewController.m in Sources */ = {isa = PBXBuildFile; fileRef = 75E36F1318636A7F00300EF7 /* SettingsViewController.m */; };
		75E36F1718636AAD00300EF7 /* LoginLogoutViewController.m in Sources */ = {isa = PBXBuildFile; fileRef = 75E36F1618636AAD00300EF7 /* LoginLogoutViewController.m */; };
		75E3C65C18EF389400D59C6D /* Pizza.jpg in Resources */ = {isa = PBXBuildFile; fileRef = 75E3C65B18EF389400D59C6D /* Pizza.jpg */; };
/* End PBXBuildFile section */

/* Begin PBXContainerItemProxy section */
		3032B8B51805A10100064F85 /* PBXContainerItemProxy */ = {
			isa = PBXContainerItemProxy;
			containerPortal = 3032B8871805A10100064F85 /* Project object */;
			proxyType = 1;
			remoteGlobalIDString = 3032B88E1805A10100064F85;
			remoteInfo = REFrostedViewControllerStoryboards;
		};
/* End PBXContainerItemProxy section */

/* Begin PBXFileReference section */
		3032B88F1805A10100064F85 /* Let's Eat.app */ = {isa = PBXFileReference; explicitFileType = wrapper.application; includeInIndex = 0; path = "Let's Eat.app"; sourceTree = BUILT_PRODUCTS_DIR; };
		3032B8921805A10100064F85 /* Foundation.framework */ = {isa = PBXFileReference; lastKnownFileType = wrapper.framework; name = Foundation.framework; path = System/Library/Frameworks/Foundation.framework; sourceTree = SDKROOT; };
		3032B8941805A10100064F85 /* CoreGraphics.framework */ = {isa = PBXFileReference; lastKnownFileType = wrapper.framework; name = CoreGraphics.framework; path = System/Library/Frameworks/CoreGraphics.framework; sourceTree = SDKROOT; };
		3032B8961805A10100064F85 /* UIKit.framework */ = {isa = PBXFileReference; lastKnownFileType = wrapper.framework; name = UIKit.framework; path = System/Library/Frameworks/UIKit.framework; sourceTree = SDKROOT; };
		3032B89C1805A10100064F85 /* en */ = {isa = PBXFileReference; lastKnownFileType = text.plist.strings; name = en; path = en.lproj/InfoPlist.strings; sourceTree = "<group>"; };
		3032B89E1805A10100064F85 /* main.m */ = {isa = PBXFileReference; lastKnownFileType = sourcecode.c.objc; path = main.m; sourceTree = "<group>"; };
		3032B8A01805A10100064F85 /* REFrostedViewControllerStoryboards-Prefix.pch */ = {isa = PBXFileReference; lastKnownFileType = sourcecode.c.h; path = "REFrostedViewControllerStoryboards-Prefix.pch"; sourceTree = "<group>"; };
		3032B8A11805A10100064F85 /* DEMOAppDelegate.h */ = {isa = PBXFileReference; lastKnownFileType = sourcecode.c.h; path = DEMOAppDelegate.h; sourceTree = "<group>"; };
		3032B8A21805A10100064F85 /* DEMOAppDelegate.m */ = {isa = PBXFileReference; lastKnownFileType = sourcecode.c.objc; path = DEMOAppDelegate.m; sourceTree = "<group>"; };
		3032B8A51805A10100064F85 /* Base */ = {isa = PBXFileReference; lastKnownFileType = file.storyboard; name = Base; path = Base.lproj/Main.storyboard; sourceTree = "<group>"; };
		3032B8A71805A10100064F85 /* DEMORootViewController.h */ = {isa = PBXFileReference; lastKnownFileType = sourcecode.c.h; path = DEMORootViewController.h; sourceTree = "<group>"; };
		3032B8A81805A10100064F85 /* DEMORootViewController.m */ = {isa = PBXFileReference; lastKnownFileType = sourcecode.c.objc; path = DEMORootViewController.m; sourceTree = "<group>"; };
		3032B8AA1805A10100064F85 /* Images.xcassets */ = {isa = PBXFileReference; lastKnownFileType = folder.assetcatalog; path = Images.xcassets; sourceTree = "<group>"; };
		3032B8B01805A10100064F85 /* REFrostedViewControllerStoryboardsTests.xctest */ = {isa = PBXFileReference; explicitFileType = wrapper.cfbundle; includeInIndex = 0; path = REFrostedViewControllerStoryboardsTests.xctest; sourceTree = BUILT_PRODUCTS_DIR; };
		3032B8B11805A10100064F85 /* XCTest.framework */ = {isa = PBXFileReference; lastKnownFileType = wrapper.framework; name = XCTest.framework; path = Library/Frameworks/XCTest.framework; sourceTree = DEVELOPER_DIR; };
		3032B8CC1805A1BC00064F85 /* DEMOHomeViewController.h */ = {isa = PBXFileReference; fileEncoding = 4; lastKnownFileType = sourcecode.c.h; path = DEMOHomeViewController.h; sourceTree = "<group>"; };
		3032B8CD1805A1BC00064F85 /* DEMOHomeViewController.m */ = {isa = PBXFileReference; fileEncoding = 4; lastKnownFileType = sourcecode.c.objc; path = DEMOHomeViewController.m; sourceTree = "<group>"; };
		3032B8CF1805A1D200064F85 /* DEMOMenuViewController.h */ = {isa = PBXFileReference; fileEncoding = 4; lastKnownFileType = sourcecode.c.h; path = DEMOMenuViewController.h; sourceTree = "<group>"; };
		3032B8D01805A1D200064F85 /* DEMOMenuViewController.m */ = {isa = PBXFileReference; fileEncoding = 4; lastKnownFileType = sourcecode.c.objc; path = DEMOMenuViewController.m; sourceTree = "<group>"; };
		3032B8D61805A21600064F85 /* REFrostedContainerViewController.h */ = {isa = PBXFileReference; fileEncoding = 4; lastKnownFileType = sourcecode.c.h; path = REFrostedContainerViewController.h; sourceTree = "<group>"; };
		3032B8D71805A21600064F85 /* REFrostedContainerViewController.m */ = {isa = PBXFileReference; fileEncoding = 4; lastKnownFileType = sourcecode.c.objc; path = REFrostedContainerViewController.m; sourceTree = "<group>"; };
		3032B8D81805A21600064F85 /* REFrostedViewController.h */ = {isa = PBXFileReference; fileEncoding = 4; lastKnownFileType = sourcecode.c.h; path = REFrostedViewController.h; sourceTree = "<group>"; };
		3032B8D91805A21600064F85 /* REFrostedViewController.m */ = {isa = PBXFileReference; fileEncoding = 4; lastKnownFileType = sourcecode.c.objc; path = REFrostedViewController.m; sourceTree = "<group>"; };
		3032B8DA1805A21600064F85 /* UIImage+REFrostedViewController.h */ = {isa = PBXFileReference; fileEncoding = 4; lastKnownFileType = sourcecode.c.h; path = "UIImage+REFrostedViewController.h"; sourceTree = "<group>"; };
		3032B8DB1805A21600064F85 /* UIImage+REFrostedViewController.m */ = {isa = PBXFileReference; fileEncoding = 4; lastKnownFileType = sourcecode.c.objc; path = "UIImage+REFrostedViewController.m"; sourceTree = "<group>"; };
		3032B8DC1805A21600064F85 /* UIView+REFrostedViewController.h */ = {isa = PBXFileReference; fileEncoding = 4; lastKnownFileType = sourcecode.c.h; path = "UIView+REFrostedViewController.h"; sourceTree = "<group>"; };
		3032B8DD1805A21600064F85 /* UIView+REFrostedViewController.m */ = {isa = PBXFileReference; fileEncoding = 4; lastKnownFileType = sourcecode.c.objc; path = "UIView+REFrostedViewController.m"; sourceTree = "<group>"; };
		3032B8DE1805A21600064F85 /* UIViewController+REFrostedViewController.h */ = {isa = PBXFileReference; fileEncoding = 4; lastKnownFileType = sourcecode.c.h; path = "UIViewController+REFrostedViewController.h"; sourceTree = "<group>"; };
		3032B8DF1805A21600064F85 /* UIViewController+REFrostedViewController.m */ = {isa = PBXFileReference; fileEncoding = 4; lastKnownFileType = sourcecode.c.objc; path = "UIViewController+REFrostedViewController.m"; sourceTree = "<group>"; };
		3032B8E51805A26500064F85 /* DEMONavigationController.h */ = {isa = PBXFileReference; fileEncoding = 4; lastKnownFileType = sourcecode.c.h; path = DEMONavigationController.h; sourceTree = "<group>"; };
		3032B8E61805A26500064F85 /* DEMONavigationController.m */ = {isa = PBXFileReference; fileEncoding = 4; lastKnownFileType = sourcecode.c.objc; path = DEMONavigationController.m; sourceTree = "<group>"; };
		3032B8E81805A4BF00064F85 /* DEMOSecondViewController.h */ = {isa = PBXFileReference; fileEncoding = 4; lastKnownFileType = sourcecode.c.h; path = DEMOSecondViewController.h; sourceTree = "<group>"; };
		3032B8E91805A4BF00064F85 /* DEMOSecondViewController.m */ = {isa = PBXFileReference; fileEncoding = 4; lastKnownFileType = sourcecode.c.objc; path = DEMOSecondViewController.m; sourceTree = "<group>"; };
		3032B8FC1805AB5600064F85 /* avatar@2x.jpg */ = {isa = PBXFileReference; lastKnownFileType = image.jpeg; path = "avatar@2x.jpg"; sourceTree = "<group>"; };
		3032B8FE1805BC8E00064F85 /* RECommonFunctions.h */ = {isa = PBXFileReference; fileEncoding = 4; lastKnownFileType = sourcecode.c.h; path = RECommonFunctions.h; sourceTree = "<group>"; };
		3032B8FF1805BC8E00064F85 /* RECommonFunctions.m */ = {isa = PBXFileReference; fileEncoding = 4; lastKnownFileType = sourcecode.c.objc; path = RECommonFunctions.m; sourceTree = "<group>"; };
		7337050718CE362900575A5D /* CMQMasterViewController.h */ = {isa = PBXFileReference; fileEncoding = 4; lastKnownFileType = sourcecode.c.h; path = CMQMasterViewController.h; sourceTree = "<group>"; };
		7337050818CE362900575A5D /* CMQMasterViewController.m */ = {isa = PBXFileReference; fileEncoding = 4; lastKnownFileType = sourcecode.c.objc; path = CMQMasterViewController.m; sourceTree = "<group>"; };
		7337050918CE362900575A5D /* CMQDetailViewController.h */ = {isa = PBXFileReference; fileEncoding = 4; lastKnownFileType = sourcecode.c.h; path = CMQDetailViewController.h; sourceTree = "<group>"; };
		7337050A18CE362900575A5D /* CMQDetailViewController.m */ = {isa = PBXFileReference; fileEncoding = 4; lastKnownFileType = sourcecode.c.objc; path = CMQDetailViewController.m; sourceTree = "<group>"; };
		7390DF3218CCF3410057030B /* libz.dylib */ = {isa = PBXFileReference; lastKnownFileType = "compiled.mach-o.dylib"; name = libz.dylib; path = usr/lib/libz.dylib; sourceTree = SDKROOT; };
		7390DF3418CCF6950057030B /* libsqlite3.dylib */ = {isa = PBXFileReference; lastKnownFileType = "compiled.mach-o.dylib"; name = libsqlite3.dylib; path = usr/lib/libsqlite3.dylib; sourceTree = SDKROOT; };
		739451EB18CF8CAA004784D3 /* Parse.framework */ = {isa = PBXFileReference; lastKnownFileType = wrapper.framework; path = Parse.framework; sourceTree = "<group>"; };
		739451ED18CF8E5A004784D3 /* FacebookSDK.framework */ = {isa = PBXFileReference; lastKnownFileType = wrapper.framework; path = FacebookSDK.framework; sourceTree = "<group>"; };
		7516E8271852B3E900CA8D26 /* REFrostedViewControllerExample-Info.plist */ = {isa = PBXFileReference; fileEncoding = 4; lastKnownFileType = text.plist.xml; path = "REFrostedViewControllerExample-Info.plist"; sourceTree = "<group>"; };
		75202ED018C50AE500F01443 /* SearchViewController.h */ = {isa = PBXFileReference; fileEncoding = 4; lastKnownFileType = sourcecode.c.h; path = SearchViewController.h; sourceTree = "<group>"; };
		75202ED118C50AE500F01443 /* SearchViewController.m */ = {isa = PBXFileReference; fileEncoding = 4; lastKnownFileType = sourcecode.c.objc; path = SearchViewController.m; sourceTree = "<group>"; };
		756FEA2618616B64004476D1 /* CurrentOrderViewController.h */ = {isa = PBXFileReference; fileEncoding = 4; lastKnownFileType = sourcecode.c.h; path = CurrentOrderViewController.h; sourceTree = "<group>"; };
		756FEA2718616B64004476D1 /* CurrentOrderViewController.m */ = {isa = PBXFileReference; fileEncoding = 4; lastKnownFileType = sourcecode.c.objc; path = CurrentOrderViewController.m; sourceTree = "<group>"; };
		7584ACD918CB984A0052E534 /* SPGooglePlacesAutocomplete.h */ = {isa = PBXFileReference; fileEncoding = 4; lastKnownFileType = sourcecode.c.h; path = SPGooglePlacesAutocomplete.h; sourceTree = "<group>"; };
		7584ACDA18CB984A0052E534 /* SPGooglePlacesAutocompletePlace.h */ = {isa = PBXFileReference; fileEncoding = 4; lastKnownFileType = sourcecode.c.h; path = SPGooglePlacesAutocompletePlace.h; sourceTree = "<group>"; };
		7584ACDB18CB984A0052E534 /* SPGooglePlacesAutocompletePlace.m */ = {isa = PBXFileReference; fileEncoding = 4; lastKnownFileType = sourcecode.c.objc; path = SPGooglePlacesAutocompletePlace.m; sourceTree = "<group>"; };
		7584ACDC18CB984A0052E534 /* SPGooglePlacesAutocompleteQuery.h */ = {isa = PBXFileReference; fileEncoding = 4; lastKnownFileType = sourcecode.c.h; path = SPGooglePlacesAutocompleteQuery.h; sourceTree = "<group>"; };
		7584ACDD18CB984A0052E534 /* SPGooglePlacesAutocompleteQuery.m */ = {isa = PBXFileReference; fileEncoding = 4; lastKnownFileType = sourcecode.c.objc; path = SPGooglePlacesAutocompleteQuery.m; sourceTree = "<group>"; };
		7584ACDE18CB984A0052E534 /* SPGooglePlacesPlaceDetailQuery.h */ = {isa = PBXFileReference; fileEncoding = 4; lastKnownFileType = sourcecode.c.h; path = SPGooglePlacesPlaceDetailQuery.h; sourceTree = "<group>"; };
		7584ACDF18CB984A0052E534 /* SPGooglePlacesPlaceDetailQuery.m */ = {isa = PBXFileReference; fileEncoding = 4; lastKnownFileType = sourcecode.c.objc; path = SPGooglePlacesPlaceDetailQuery.m; sourceTree = "<group>"; };
		7584ACE018CB984A0052E534 /* SPGooglePlacesAutocompleteUtilities.h */ = {isa = PBXFileReference; fileEncoding = 4; lastKnownFileType = sourcecode.c.h; path = SPGooglePlacesAutocompleteUtilities.h; sourceTree = "<group>"; };
		7584ACE118CB984A0052E534 /* SPGooglePlacesAutocompleteUtilities.m */ = {isa = PBXFileReference; fileEncoding = 4; lastKnownFileType = sourcecode.c.objc; path = SPGooglePlacesAutocompleteUtilities.m; sourceTree = "<group>"; };
		7594797B185BFE82005BC9ED /* Salmon Blur.JPG */ = {isa = PBXFileReference; lastKnownFileType = image.jpeg; path = "Salmon Blur.JPG"; sourceTree = "<group>"; };
		75AA700B1831687500F69D81 /* Background 9.png */ = {isa = PBXFileReference; lastKnownFileType = image.png; path = "Background 9.png"; sourceTree = "<group>"; };
		75AA700D1831792C00F69D81 /* menu@2x.png */ = {isa = PBXFileReference; lastKnownFileType = image.png; path = "menu@2x.png"; sourceTree = "<group>"; };
		75C74DD91886F25C00D19FF2 /* .gitignore */ = {isa = PBXFileReference; fileEncoding = 4; lastKnownFileType = text; name = .gitignore; path = "gist708713-11f0394942f251ab834213183d1edaa7ac88aaa8 2 2/.gitignore"; sourceTree = "<group>"; };
		75D900FD182E8C49009372AC /* CoreLocation.framework */ = {isa = PBXFileReference; lastKnownFileType = wrapper.framework; name = CoreLocation.framework; path = System/Library/Frameworks/CoreLocation.framework; sourceTree = SDKROOT; };
		75D900FF182E8C68009372AC /* StoreKit.framework */ = {isa = PBXFileReference; lastKnownFileType = wrapper.framework; name = StoreKit.framework; path = System/Library/Frameworks/StoreKit.framework; sourceTree = SDKROOT; };
		75D90101182E8C6F009372AC /* MobileCoreServices.framework */ = {isa = PBXFileReference; lastKnownFileType = wrapper.framework; name = MobileCoreServices.framework; path = System/Library/Frameworks/MobileCoreServices.framework; sourceTree = SDKROOT; };
		75D90103182E8C75009372AC /* QuartzCore.framework */ = {isa = PBXFileReference; lastKnownFileType = wrapper.framework; name = QuartzCore.framework; path = System/Library/Frameworks/QuartzCore.framework; sourceTree = SDKROOT; };
		75D90105182E8C83009372AC /* SystemConfiguration.framework */ = {isa = PBXFileReference; lastKnownFileType = wrapper.framework; name = SystemConfiguration.framework; path = System/Library/Frameworks/SystemConfiguration.framework; sourceTree = SDKROOT; };
		75D90108182E8CB5009372AC /* CFNetwork.framework */ = {isa = PBXFileReference; lastKnownFileType = wrapper.framework; name = CFNetwork.framework; path = System/Library/Frameworks/CFNetwork.framework; sourceTree = SDKROOT; };
		75D9010A182E8CBC009372AC /* AudioToolbox.framework */ = {isa = PBXFileReference; lastKnownFileType = wrapper.framework; name = AudioToolbox.framework; path = System/Library/Frameworks/AudioToolbox.framework; sourceTree = SDKROOT; };
		75D9010C182E8CD8009372AC /* Security.framework */ = {isa = PBXFileReference; lastKnownFileType = wrapper.framework; name = Security.framework; path = System/Library/Frameworks/Security.framework; sourceTree = SDKROOT; };
		75D9010E182E8CE2009372AC /* MapKit.framework */ = {isa = PBXFileReference; lastKnownFileType = wrapper.framework; name = MapKit.framework; path = System/Library/Frameworks/MapKit.framework; sourceTree = SDKROOT; };
		75D90112182E8E2A009372AC /* libz.1.1.3.dylib */ = {isa = PBXFileReference; lastKnownFileType = "compiled.mach-o.dylib"; name = libz.1.1.3.dylib; path = usr/lib/libz.1.1.3.dylib; sourceTree = SDKROOT; };
		75D9011B182F7537009372AC /* FacebookSDKResources.bundle */ = {isa = PBXFileReference; lastKnownFileType = "wrapper.plug-in"; path = FacebookSDKResources.bundle; sourceTree = "<group>"; };
		75D90123182F7589009372AC /* libsqlite3.0.dylib */ = {isa = PBXFileReference; lastKnownFileType = "compiled.mach-o.dylib"; name = libsqlite3.0.dylib; path = usr/lib/libsqlite3.0.dylib; sourceTree = SDKROOT; };
		75D90125182F7598009372AC /* Accounts.framework */ = {isa = PBXFileReference; lastKnownFileType = wrapper.framework; name = Accounts.framework; path = System/Library/Frameworks/Accounts.framework; sourceTree = SDKROOT; };
		75D90127182F75A1009372AC /* AdSupport.framework */ = {isa = PBXFileReference; lastKnownFileType = wrapper.framework; name = AdSupport.framework; path = System/Library/Frameworks/AdSupport.framework; sourceTree = SDKROOT; };
		75D90129182F75A6009372AC /* Social.framework */ = {isa = PBXFileReference; lastKnownFileType = wrapper.framework; name = Social.framework; path = System/Library/Frameworks/Social.framework; sourceTree = SDKROOT; };
		75D9013518304D8D009372AC /* menu.png */ = {isa = PBXFileReference; lastKnownFileType = image.png; path = menu.png; sourceTree = "<group>"; };
		75D90137183083E4009372AC /* square_bg_@2X.png */ = {isa = PBXFileReference; lastKnownFileType = image.png; path = "square_bg_@2X.png"; sourceTree = "<group>"; };
		75E36F0018633B7200300EF7 /* OrderSummaryAndPayment.h */ = {isa = PBXFileReference; fileEncoding = 4; lastKnownFileType = sourcecode.c.h; path = OrderSummaryAndPayment.h; sourceTree = "<group>"; };
		75E36F0118633B7200300EF7 /* OrderSummaryAndPayment.m */ = {isa = PBXFileReference; fileEncoding = 4; lastKnownFileType = sourcecode.c.objc; path = OrderSummaryAndPayment.m; sourceTree = "<group>"; };
		75E36F0C186369B800300EF7 /* MessagesViewController.h */ = {isa = PBXFileReference; fileEncoding = 4; lastKnownFileType = sourcecode.c.h; path = MessagesViewController.h; sourceTree = "<group>"; };
		75E36F0D186369B800300EF7 /* MessagesViewController.m */ = {isa = PBXFileReference; fileEncoding = 4; lastKnownFileType = sourcecode.c.objc; path = MessagesViewController.m; sourceTree = "<group>"; };
		75E36F0F18636A1C00300EF7 /* OrderCheck.h */ = {isa = PBXFileReference; fileEncoding = 4; lastKnownFileType = sourcecode.c.h; path = OrderCheck.h; sourceTree = "<group>"; };
		75E36F1018636A1C00300EF7 /* OrderCheck.m */ = {isa = PBXFileReference; fileEncoding = 4; lastKnownFileType = sourcecode.c.objc; path = OrderCheck.m; sourceTree = "<group>"; };
		75E36F1218636A7F00300EF7 /* SettingsViewController.h */ = {isa = PBXFileReference; fileEncoding = 4; lastKnownFileType = sourcecode.c.h; path = SettingsViewController.h; sourceTree = "<group>"; };
		75E36F1318636A7F00300EF7 /* SettingsViewController.m */ = {isa = PBXFileReference; fileEncoding = 4; lastKnownFileType = sourcecode.c.objc; path = SettingsViewController.m; sourceTree = "<group>"; };
		75E36F1518636AAD00300EF7 /* LoginLogoutViewController.h */ = {isa = PBXFileReference; fileEncoding = 4; lastKnownFileType = sourcecode.c.h; path = LoginLogoutViewController.h; sourceTree = "<group>"; };
		75E36F1618636AAD00300EF7 /* LoginLogoutViewController.m */ = {isa = PBXFileReference; fileEncoding = 4; lastKnownFileType = sourcecode.c.objc; path = LoginLogoutViewController.m; sourceTree = "<group>"; };
		75E3C65B18EF389400D59C6D /* Pizza.jpg */ = {isa = PBXFileReference; lastKnownFileType = image.jpeg; path = Pizza.jpg; sourceTree = "<group>"; };
		B1895BAEF11649E0AE7343EE /* Pods.xcconfig */ = {isa = PBXFileReference; includeInIndex = 1; lastKnownFileType = text.xcconfig; name = Pods.xcconfig; path = Pods/Pods.xcconfig; sourceTree = "<group>"; };
		C106F8B4317A4D788877CA30 /* libPods.a */ = {isa = PBXFileReference; explicitFileType = archive.ar; includeInIndex = 0; path = libPods.a; sourceTree = BUILT_PRODUCTS_DIR; };
/* End PBXFileReference section */

/* Begin PBXFrameworksBuildPhase section */
		3032B88C1805A10100064F85 /* Frameworks */ = {
			isa = PBXFrameworksBuildPhase;
			buildActionMask = 2147483647;
			files = (
				7390DF3518CCF6950057030B /* libsqlite3.dylib in Frameworks */,
				739451EE18CF8E5A004784D3 /* FacebookSDK.framework in Frameworks */,
				7390DF3318CCF3410057030B /* libz.dylib in Frameworks */,
				75D900FE182E8C49009372AC /* CoreLocation.framework in Frameworks */,
				75D90109182E8CB5009372AC /* CFNetwork.framework in Frameworks */,
				75D9010B182E8CBC009372AC /* AudioToolbox.framework in Frameworks */,
				75D9012A182F75A6009372AC /* Social.framework in Frameworks */,
				75D90128182F75A1009372AC /* AdSupport.framework in Frameworks */,
				75D90126182F7598009372AC /* Accounts.framework in Frameworks */,
				75D9010F182E8CE2009372AC /* MapKit.framework in Frameworks */,
				75D9010D182E8CD8009372AC /* Security.framework in Frameworks */,
				75D90106182E8C83009372AC /* SystemConfiguration.framework in Frameworks */,
				75D90104182E8C75009372AC /* QuartzCore.framework in Frameworks */,
				75D90102182E8C6F009372AC /* MobileCoreServices.framework in Frameworks */,
				739451EC18CF8CAA004784D3 /* Parse.framework in Frameworks */,
				75D90100182E8C68009372AC /* StoreKit.framework in Frameworks */,
				3032B8951805A10100064F85 /* CoreGraphics.framework in Frameworks */,
				3032B8971805A10100064F85 /* UIKit.framework in Frameworks */,
				3032B8931805A10100064F85 /* Foundation.framework in Frameworks */,
				5EA966B8E9304DB9BF81342F /* libPods.a in Frameworks */,
			);
			runOnlyForDeploymentPostprocessing = 0;
		};
		3032B8AD1805A10100064F85 /* Frameworks */ = {
			isa = PBXFrameworksBuildPhase;
			buildActionMask = 2147483647;
			files = (
				3032B8B21805A10100064F85 /* XCTest.framework in Frameworks */,
				3032B8B41805A10100064F85 /* UIKit.framework in Frameworks */,
				3032B8B31805A10100064F85 /* Foundation.framework in Frameworks */,
			);
			runOnlyForDeploymentPostprocessing = 0;
		};
/* End PBXFrameworksBuildPhase section */

/* Begin PBXGroup section */
		3032B8861805A10100064F85 = {
			isa = PBXGroup;
			children = (
				75C74DD91886F25C00D19FF2 /* .gitignore */,
				3032B8A41805A10100064F85 /* Main.storyboard */,
				3032B8981805A10100064F85 /* Delegate stuff */,
				7337050618CE35F100575A5D /* Restaurant Tabley Stuff */,
				75E36F1818636AC000300EF7 /* Menu View Controllers */,
				7584ACCB18CAD35F0052E534 /* Google Suggestion Classes */,
				75E36F1918636B0900300EF7 /* Order Process */,
				3032B8FB1805AB4600064F85 /* Function Controllers */,
				75202ED318C50E4E00F01443 /* Image Resources */,
				3032B8991805A10100064F85 /* Supporting Files */,
				3032B8911805A10100064F85 /* Frameworks */,
				3032B8901805A10100064F85 /* Products */,
				B1895BAEF11649E0AE7343EE /* Pods.xcconfig */,
			);
			sourceTree = "<group>";
		};
		3032B8901805A10100064F85 /* Products */ = {
			isa = PBXGroup;
			children = (
				3032B88F1805A10100064F85 /* Let's Eat.app */,
				3032B8B01805A10100064F85 /* REFrostedViewControllerStoryboardsTests.xctest */,
			);
			name = Products;
			sourceTree = "<group>";
		};
		3032B8911805A10100064F85 /* Frameworks */ = {
			isa = PBXGroup;
			children = (
				739451ED18CF8E5A004784D3 /* FacebookSDK.framework */,
				739451EB18CF8CAA004784D3 /* Parse.framework */,
				7390DF3418CCF6950057030B /* libsqlite3.dylib */,
				7390DF3218CCF3410057030B /* libz.dylib */,
				75D90129182F75A6009372AC /* Social.framework */,
				75D90127182F75A1009372AC /* AdSupport.framework */,
				75D90125182F7598009372AC /* Accounts.framework */,
				75D90123182F7589009372AC /* libsqlite3.0.dylib */,
				75D9011B182F7537009372AC /* FacebookSDKResources.bundle */,
				75D90112182E8E2A009372AC /* libz.1.1.3.dylib */,
				75D9010E182E8CE2009372AC /* MapKit.framework */,
				75D9010C182E8CD8009372AC /* Security.framework */,
				75D9010A182E8CBC009372AC /* AudioToolbox.framework */,
				75D90108182E8CB5009372AC /* CFNetwork.framework */,
				75D90105182E8C83009372AC /* SystemConfiguration.framework */,
				75D90103182E8C75009372AC /* QuartzCore.framework */,
				75D90101182E8C6F009372AC /* MobileCoreServices.framework */,
				75D900FF182E8C68009372AC /* StoreKit.framework */,
				75D900FD182E8C49009372AC /* CoreLocation.framework */,
				3032B8921805A10100064F85 /* Foundation.framework */,
				3032B8941805A10100064F85 /* CoreGraphics.framework */,
				3032B8961805A10100064F85 /* UIKit.framework */,
				3032B8B11805A10100064F85 /* XCTest.framework */,
				C106F8B4317A4D788877CA30 /* libPods.a */,
			);
			name = Frameworks;
			sourceTree = "<group>";
		};
		3032B8981805A10100064F85 /* Delegate stuff */ = {
			isa = PBXGroup;
			children = (
				3032B8A11805A10100064F85 /* DEMOAppDelegate.h */,
				3032B8A21805A10100064F85 /* DEMOAppDelegate.m */,
			);
			name = "Delegate stuff";
			path = REFrostedViewControllerStoryboards;
			sourceTree = "<group>";
		};
		3032B8991805A10100064F85 /* Supporting Files */ = {
			isa = PBXGroup;
			children = (
				3032B8D51805A21600064F85 /* Menu Controllers */,
				7516E8271852B3E900CA8D26 /* REFrostedViewControllerExample-Info.plist */,
				3032B89B1805A10100064F85 /* InfoPlist.strings */,
				3032B89E1805A10100064F85 /* main.m */,
				3032B8A01805A10100064F85 /* REFrostedViewControllerStoryboards-Prefix.pch */,
			);
			name = "Supporting Files";
			path = REFrostedViewControllerStoryboards;
			sourceTree = "<group>";
		};
		3032B8D51805A21600064F85 /* Menu Controllers */ = {
			isa = PBXGroup;
			children = (
				3032B8FE1805BC8E00064F85 /* RECommonFunctions.h */,
				3032B8FF1805BC8E00064F85 /* RECommonFunctions.m */,
				3032B8D61805A21600064F85 /* REFrostedContainerViewController.h */,
				3032B8D71805A21600064F85 /* REFrostedContainerViewController.m */,
				3032B8D81805A21600064F85 /* REFrostedViewController.h */,
				3032B8D91805A21600064F85 /* REFrostedViewController.m */,
				3032B8DA1805A21600064F85 /* UIImage+REFrostedViewController.h */,
				3032B8DB1805A21600064F85 /* UIImage+REFrostedViewController.m */,
				3032B8DC1805A21600064F85 /* UIView+REFrostedViewController.h */,
				3032B8DD1805A21600064F85 /* UIView+REFrostedViewController.m */,
				3032B8DE1805A21600064F85 /* UIViewController+REFrostedViewController.h */,
				3032B8DF1805A21600064F85 /* UIViewController+REFrostedViewController.m */,
			);
			name = "Menu Controllers";
			path = ../../../REFrostedViewController;
			sourceTree = "<group>";
		};
		3032B8FB1805AB4600064F85 /* Function Controllers */ = {
			isa = PBXGroup;
			children = (
				3032B8CC1805A1BC00064F85 /* DEMOHomeViewController.h */,
				3032B8CD1805A1BC00064F85 /* DEMOHomeViewController.m */,
				3032B8E81805A4BF00064F85 /* DEMOSecondViewController.h */,
				3032B8E91805A4BF00064F85 /* DEMOSecondViewController.m */,
				75E36F0C186369B800300EF7 /* MessagesViewController.h */,
				75E36F0D186369B800300EF7 /* MessagesViewController.m */,
				75E36F1218636A7F00300EF7 /* SettingsViewController.h */,
				75E36F1318636A7F00300EF7 /* SettingsViewController.m */,
				75E36F1518636AAD00300EF7 /* LoginLogoutViewController.h */,
				75E36F1618636AAD00300EF7 /* LoginLogoutViewController.m */,
			);
			name = "Function Controllers";
			path = REFrostedViewControllerStoryboards;
			sourceTree = "<group>";
		};
		7337050618CE35F100575A5D /* Restaurant Tabley Stuff */ = {
			isa = PBXGroup;
			children = (
				7337050718CE362900575A5D /* CMQMasterViewController.h */,
				7337050818CE362900575A5D /* CMQMasterViewController.m */,
				7337050918CE362900575A5D /* CMQDetailViewController.h */,
				7337050A18CE362900575A5D /* CMQDetailViewController.m */,
			);
			name = "Restaurant Tabley Stuff";
			path = REFrostedViewControllerStoryboards;
			sourceTree = "<group>";
		};
		75202ED318C50E4E00F01443 /* Image Resources */ = {
			isa = PBXGroup;
			children = (
				75E3C65B18EF389400D59C6D /* Pizza.jpg */,
				3032B8AA1805A10100064F85 /* Images.xcassets */,
				3032B8FC1805AB5600064F85 /* avatar@2x.jpg */,
				75AA700D1831792C00F69D81 /* menu@2x.png */,
				7594797B185BFE82005BC9ED /* Salmon Blur.JPG */,
				75D9013518304D8D009372AC /* menu.png */,
				75AA700B1831687500F69D81 /* Background 9.png */,
				75D90137183083E4009372AC /* square_bg_@2X.png */,
			);
			name = "Image Resources";
			path = REFrostedViewControllerStoryboards;
			sourceTree = "<group>";
		};
		7584ACCB18CAD35F0052E534 /* Google Suggestion Classes */ = {
			isa = PBXGroup;
			children = (
				7584ACD918CB984A0052E534 /* SPGooglePlacesAutocomplete.h */,
				7584ACDA18CB984A0052E534 /* SPGooglePlacesAutocompletePlace.h */,
				7584ACDB18CB984A0052E534 /* SPGooglePlacesAutocompletePlace.m */,
				7584ACDC18CB984A0052E534 /* SPGooglePlacesAutocompleteQuery.h */,
				7584ACDD18CB984A0052E534 /* SPGooglePlacesAutocompleteQuery.m */,
				7584ACDE18CB984A0052E534 /* SPGooglePlacesPlaceDetailQuery.h */,
				7584ACDF18CB984A0052E534 /* SPGooglePlacesPlaceDetailQuery.m */,
				7584ACE018CB984A0052E534 /* SPGooglePlacesAutocompleteUtilities.h */,
				7584ACE118CB984A0052E534 /* SPGooglePlacesAutocompleteUtilities.m */,
			);
			name = "Google Suggestion Classes";
			path = REFrostedViewControllerStoryboards;
			sourceTree = "<group>";
		};
		75E36F1818636AC000300EF7 /* Menu View Controllers */ = {
			isa = PBXGroup;
			children = (
				3032B8CF1805A1D200064F85 /* DEMOMenuViewController.h */,
				3032B8D01805A1D200064F85 /* DEMOMenuViewController.m */,
				3032B8E61805A26500064F85 /* DEMONavigationController.m */,
				3032B8E51805A26500064F85 /* DEMONavigationController.h */,
				3032B8A71805A10100064F85 /* DEMORootViewController.h */,
				3032B8A81805A10100064F85 /* DEMORootViewController.m */,
			);
			name = "Menu View Controllers";
			path = REFrostedViewControllerStoryboards;
			sourceTree = "<group>";
		};
		75E36F1918636B0900300EF7 /* Order Process */ = {
			isa = PBXGroup;
			children = (
				756FEA2618616B64004476D1 /* CurrentOrderViewController.h */,
				756FEA2718616B64004476D1 /* CurrentOrderViewController.m */,
				75E36F0F18636A1C00300EF7 /* OrderCheck.h */,
				75E36F1018636A1C00300EF7 /* OrderCheck.m */,
				75E36F0018633B7200300EF7 /* OrderSummaryAndPayment.h */,
				75E36F0118633B7200300EF7 /* OrderSummaryAndPayment.m */,
				75202ED018C50AE500F01443 /* SearchViewController.h */,
				75202ED118C50AE500F01443 /* SearchViewController.m */,
			);
			name = "Order Process";
			path = REFrostedViewControllerStoryboards;
			sourceTree = "<group>";
		};
/* End PBXGroup section */

/* Begin PBXNativeTarget section */
		3032B88E1805A10100064F85 /* REFrostedViewControllerStoryboards */ = {
			isa = PBXNativeTarget;
			buildConfigurationList = 3032B8C11805A10100064F85 /* Build configuration list for PBXNativeTarget "REFrostedViewControllerStoryboards" */;
			buildPhases = (
				57275AEC1A834181B0DCE0F4 /* Check Pods Manifest.lock */,
				3032B88B1805A10100064F85 /* Sources */,
				3032B88C1805A10100064F85 /* Frameworks */,
				3032B88D1805A10100064F85 /* Resources */,
				B09730D2F8014F02A198C2F2 /* Copy Pods Resources */,
			);
			buildRules = (
			);
			dependencies = (
			);
			name = REFrostedViewControllerStoryboards;
			productName = REFrostedViewControllerStoryboards;
			productReference = 3032B88F1805A10100064F85 /* Let's Eat.app */;
			productType = "com.apple.product-type.application";
		};
		3032B8AF1805A10100064F85 /* REFrostedViewControllerStoryboardsTests */ = {
			isa = PBXNativeTarget;
			buildConfigurationList = 3032B8C41805A10100064F85 /* Build configuration list for PBXNativeTarget "REFrostedViewControllerStoryboardsTests" */;
			buildPhases = (
				3032B8AC1805A10100064F85 /* Sources */,
				3032B8AD1805A10100064F85 /* Frameworks */,
				3032B8AE1805A10100064F85 /* Resources */,
			);
			buildRules = (
			);
			dependencies = (
				3032B8B61805A10100064F85 /* PBXTargetDependency */,
			);
			name = REFrostedViewControllerStoryboardsTests;
			productName = REFrostedViewControllerStoryboardsTests;
			productReference = 3032B8B01805A10100064F85 /* REFrostedViewControllerStoryboardsTests.xctest */;
			productType = "com.apple.product-type.bundle.unit-test";
		};
/* End PBXNativeTarget section */

/* Begin PBXProject section */
		3032B8871805A10100064F85 /* Project object */ = {
			isa = PBXProject;
			attributes = {
				CLASSPREFIX = DEMO;
				LastUpgradeCheck = 0510;
				ORGANIZATIONNAME = "Roman Efimov";
				TargetAttributes = {
					3032B8AF1805A10100064F85 = {
						TestTargetID = 3032B88E1805A10100064F85;
					};
				};
			};
			buildConfigurationList = 3032B88A1805A10100064F85 /* Build configuration list for PBXProject "REFrostedViewControllerStoryboards" */;
			compatibilityVersion = "Xcode 3.2";
			developmentRegion = English;
			hasScannedForEncodings = 0;
			knownRegions = (
				en,
				Base,
			);
			mainGroup = 3032B8861805A10100064F85;
			productRefGroup = 3032B8901805A10100064F85 /* Products */;
			projectDirPath = "";
			projectRoot = "";
			targets = (
				3032B88E1805A10100064F85 /* REFrostedViewControllerStoryboards */,
				3032B8AF1805A10100064F85 /* REFrostedViewControllerStoryboardsTests */,
			);
		};
/* End PBXProject section */

/* Begin PBXResourcesBuildPhase section */
		3032B88D1805A10100064F85 /* Resources */ = {
			isa = PBXResourcesBuildPhase;
			buildActionMask = 2147483647;
			files = (
				3032B8AB1805A10100064F85 /* Images.xcassets in Resources */,
				75D9013618304D8D009372AC /* menu.png in Resources */,
				7594797C185BFE82005BC9ED /* Salmon Blur.JPG in Resources */,
				75C74DDA1886F25C00D19FF2 /* .gitignore in Resources */,
				75D90138183083E4009372AC /* square_bg_@2X.png in Resources */,
				3032B8FD1805AB5600064F85 /* avatar@2x.jpg in Resources */,
				75E3C65C18EF389400D59C6D /* Pizza.jpg in Resources */,
				7516E8281852B3E900CA8D26 /* REFrostedViewControllerExample-Info.plist in Resources */,
				3032B89D1805A10100064F85 /* InfoPlist.strings in Resources */,
				75AA700E1831792C00F69D81 /* menu@2x.png in Resources */,
				75AA700C1831687500F69D81 /* Background 9.png in Resources */,
				3032B8A61805A10100064F85 /* Main.storyboard in Resources */,
			);
			runOnlyForDeploymentPostprocessing = 0;
		};
		3032B8AE1805A10100064F85 /* Resources */ = {
			isa = PBXResourcesBuildPhase;
			buildActionMask = 2147483647;
			files = (
			);
			runOnlyForDeploymentPostprocessing = 0;
		};
/* End PBXResourcesBuildPhase section */

/* Begin PBXShellScriptBuildPhase section */
		57275AEC1A834181B0DCE0F4 /* Check Pods Manifest.lock */ = {
			isa = PBXShellScriptBuildPhase;
			buildActionMask = 2147483647;
			files = (
			);
			inputPaths = (
			);
			name = "Check Pods Manifest.lock";
			outputPaths = (
			);
			runOnlyForDeploymentPostprocessing = 0;
			shellPath = /bin/sh;
			shellScript = "diff \"${PODS_ROOT}/../Podfile.lock\" \"${PODS_ROOT}/Manifest.lock\" > /dev/null\nif [[ $? != 0 ]] ; then\n    cat << EOM\nerror: The sandbox is not in sync with the Podfile.lock. Run 'pod install' or update your CocoaPods installation.\nEOM\n    exit 1\nfi\n";
			showEnvVarsInLog = 0;
		};
		B09730D2F8014F02A198C2F2 /* Copy Pods Resources */ = {
			isa = PBXShellScriptBuildPhase;
			buildActionMask = 2147483647;
			files = (
			);
			inputPaths = (
			);
			name = "Copy Pods Resources";
			outputPaths = (
			);
			runOnlyForDeploymentPostprocessing = 0;
			shellPath = /bin/sh;
			shellScript = "\"${SRCROOT}/Pods/Pods-resources.sh\"\n";
			showEnvVarsInLog = 0;
		};
/* End PBXShellScriptBuildPhase section */

/* Begin PBXSourcesBuildPhase section */
		3032B88B1805A10100064F85 /* Sources */ = {
			isa = PBXSourcesBuildPhase;
			buildActionMask = 2147483647;
			files = (
				3032B8CE1805A1BC00064F85 /* DEMOHomeViewController.m in Sources */,
				3032B8E11805A21600064F85 /* REFrostedViewController.m in Sources */,
				7584ACE218CB984A0052E534 /* SPGooglePlacesAutocompletePlace.m in Sources */,
				3032B9001805BC8E00064F85 /* RECommonFunctions.m in Sources */,
				7584ACE318CB984A0052E534 /* SPGooglePlacesAutocompleteQuery.m in Sources */,
				3032B8E31805A21600064F85 /* UIView+REFrostedViewController.m in Sources */,
				3032B89F1805A10100064F85 /* main.m in Sources */,
				75E36F1718636AAD00300EF7 /* LoginLogoutViewController.m in Sources */,
				75E36F1418636A7F00300EF7 /* SettingsViewController.m in Sources */,
				75E36F0218633B7200300EF7 /* OrderSummaryAndPayment.m in Sources */,
				7337050B18CE362900575A5D /* CMQMasterViewController.m in Sources */,
				3032B8A91805A10100064F85 /* DEMORootViewController.m in Sources */,
				7584ACE418CB984A0052E534 /* SPGooglePlacesPlaceDetailQuery.m in Sources */,
				3032B8EA1805A4BF00064F85 /* DEMOSecondViewController.m in Sources */,
				756FEA2918616B64004476D1 /* CurrentOrderViewController.m in Sources */,
				7584ACE518CB984A0052E534 /* SPGooglePlacesAutocompleteUtilities.m in Sources */,
				3032B8E21805A21600064F85 /* UIImage+REFrostedViewController.m in Sources */,
				3032B8D11805A1D200064F85 /* DEMOMenuViewController.m in Sources */,
				3032B8A31805A10100064F85 /* DEMOAppDelegate.m in Sources */,
				3032B8E41805A21600064F85 /* UIViewController+REFrostedViewController.m in Sources */,
				3032B8E01805A21600064F85 /* REFrostedContainerViewController.m in Sources */,
				75E36F1118636A1C00300EF7 /* OrderCheck.m in Sources */,
				3032B8E71805A26500064F85 /* DEMONavigationController.m in Sources */,
				7337050C18CE362900575A5D /* CMQDetailViewController.m in Sources */,
				75E36F0E186369B800300EF7 /* MessagesViewController.m in Sources */,
				75202ED218C50AE500F01443 /* SearchViewController.m in Sources */,
			);
			runOnlyForDeploymentPostprocessing = 0;
		};
		3032B8AC1805A10100064F85 /* Sources */ = {
			isa = PBXSourcesBuildPhase;
			buildActionMask = 2147483647;
			files = (
			);
			runOnlyForDeploymentPostprocessing = 0;
		};
/* End PBXSourcesBuildPhase section */

/* Begin PBXTargetDependency section */
		3032B8B61805A10100064F85 /* PBXTargetDependency */ = {
			isa = PBXTargetDependency;
			target = 3032B88E1805A10100064F85 /* REFrostedViewControllerStoryboards */;
			targetProxy = 3032B8B51805A10100064F85 /* PBXContainerItemProxy */;
		};
/* End PBXTargetDependency section */

/* Begin PBXVariantGroup section */
		3032B89B1805A10100064F85 /* InfoPlist.strings */ = {
			isa = PBXVariantGroup;
			children = (
				3032B89C1805A10100064F85 /* en */,
			);
			name = InfoPlist.strings;
			sourceTree = "<group>";
		};
		3032B8A41805A10100064F85 /* Main.storyboard */ = {
			isa = PBXVariantGroup;
			children = (
				3032B8A51805A10100064F85 /* Base */,
			);
			name = Main.storyboard;
			path = REFrostedViewControllerStoryboards;
			sourceTree = "<group>";
		};
/* End PBXVariantGroup section */

/* Begin XCBuildConfiguration section */
		3032B8BF1805A10100064F85 /* Debug */ = {
			isa = XCBuildConfiguration;
			buildSettings = {
				ALWAYS_SEARCH_USER_PATHS = NO;
				CLANG_CXX_LANGUAGE_STANDARD = "gnu++0x";
				CLANG_CXX_LIBRARY = "libc++";
				CLANG_ENABLE_MODULES = YES;
				CLANG_ENABLE_OBJC_ARC = YES;
				CLANG_WARN_BOOL_CONVERSION = YES;
				CLANG_WARN_CONSTANT_CONVERSION = YES;
				CLANG_WARN_DIRECT_OBJC_ISA_USAGE = YES_ERROR;
				CLANG_WARN_EMPTY_BODY = YES;
				CLANG_WARN_ENUM_CONVERSION = YES;
				CLANG_WARN_INT_CONVERSION = YES;
				CLANG_WARN_OBJC_ROOT_CLASS = YES_ERROR;
				CLANG_WARN__DUPLICATE_METHOD_MATCH = YES;
				"CODE_SIGN_IDENTITY[sdk=iphoneos*]" = "iPhone Developer";
				COPY_PHASE_STRIP = NO;
				GCC_C_LANGUAGE_STANDARD = gnu99;
				GCC_DYNAMIC_NO_PIC = NO;
				GCC_OPTIMIZATION_LEVEL = 0;
				GCC_PREPROCESSOR_DEFINITIONS = (
					"DEBUG=1",
					"$(inherited)",
				);
				GCC_SYMBOLS_PRIVATE_EXTERN = NO;
				GCC_WARN_64_TO_32_BIT_CONVERSION = YES;
				GCC_WARN_ABOUT_RETURN_TYPE = YES_ERROR;
				GCC_WARN_UNDECLARED_SELECTOR = YES;
				GCC_WARN_UNINITIALIZED_AUTOS = YES;
				GCC_WARN_UNUSED_FUNCTION = YES;
				GCC_WARN_UNUSED_VARIABLE = YES;
				IPHONEOS_DEPLOYMENT_TARGET = 7.0;
				ONLY_ACTIVE_ARCH = YES;
				SDKROOT = iphoneos;
				VALID_ARCHS = "armv7 armv7s arm64";
			};
			name = Debug;
		};
		3032B8C01805A10100064F85 /* Release */ = {
			isa = XCBuildConfiguration;
			buildSettings = {
				ALWAYS_SEARCH_USER_PATHS = NO;
				CLANG_CXX_LANGUAGE_STANDARD = "gnu++0x";
				CLANG_CXX_LIBRARY = "libc++";
				CLANG_ENABLE_MODULES = YES;
				CLANG_ENABLE_OBJC_ARC = YES;
				CLANG_WARN_BOOL_CONVERSION = YES;
				CLANG_WARN_CONSTANT_CONVERSION = YES;
				CLANG_WARN_DIRECT_OBJC_ISA_USAGE = YES_ERROR;
				CLANG_WARN_EMPTY_BODY = YES;
				CLANG_WARN_ENUM_CONVERSION = YES;
				CLANG_WARN_INT_CONVERSION = YES;
				CLANG_WARN_OBJC_ROOT_CLASS = YES_ERROR;
				CLANG_WARN__DUPLICATE_METHOD_MATCH = YES;
				"CODE_SIGN_IDENTITY[sdk=iphoneos*]" = "iPhone Developer";
				COPY_PHASE_STRIP = YES;
				ENABLE_NS_ASSERTIONS = NO;
				GCC_C_LANGUAGE_STANDARD = gnu99;
				GCC_WARN_64_TO_32_BIT_CONVERSION = YES;
				GCC_WARN_ABOUT_RETURN_TYPE = YES_ERROR;
				GCC_WARN_UNDECLARED_SELECTOR = YES;
				GCC_WARN_UNINITIALIZED_AUTOS = YES;
				GCC_WARN_UNUSED_FUNCTION = YES;
				GCC_WARN_UNUSED_VARIABLE = YES;
				IPHONEOS_DEPLOYMENT_TARGET = 7.0;
				SDKROOT = iphoneos;
				VALIDATE_PRODUCT = YES;
				VALID_ARCHS = "armv7 armv7s arm64";
			};
			name = Release;
		};
		3032B8C21805A10100064F85 /* Debug */ = {
			isa = XCBuildConfiguration;
			baseConfigurationReference = B1895BAEF11649E0AE7343EE /* Pods.xcconfig */;
			buildSettings = {
				ASSETCATALOG_COMPILER_APPICON_NAME = AppIcon;
				ASSETCATALOG_COMPILER_LAUNCHIMAGE_NAME = LaunchImage;
				FRAMEWORK_SEARCH_PATHS = (
					"$(inherited)",
					"$(DEVELOPER_FRAMEWORKS_DIR)",
					"/Users/RAZA/Desktop/REFrostedViewController-master/Examples/Storyboards",
					"/Users/RAZA/Documents/Developer/REFrostedViewController-master/Examples/Storyboards",
					/Users/drewdennistoun/Developer/LetsEat/App,
					Folder/App,
					Link/Storyboards,
					/Users/RAZA/Documents/Developer/LetsEat/App,
					Folder/App,
					Link/Storyboards,
					"$(PROJECT_DIR)",
				);
				GCC_PRECOMPILE_PREFIX_HEADER = YES;
				GCC_PREFIX_HEADER = "REFrostedViewControllerStoryboards/REFrostedViewControllerStoryboards-Prefix.pch";
				INFOPLIST_FILE = "REFrostedViewControllerStoryboards/REFrostedViewControllerStoryboards-Info.plist";
				IPHONEOS_DEPLOYMENT_TARGET = 7.0;
				PRODUCT_NAME = "Let's Eat";
				TARGETED_DEVICE_FAMILY = "1,2";
				VALID_ARCHS = "armv7 armv7s arm64";
				WRAPPER_EXTENSION = app;
			};
			name = Debug;
		};
		3032B8C31805A10100064F85 /* Release */ = {
			isa = XCBuildConfiguration;
			baseConfigurationReference = B1895BAEF11649E0AE7343EE /* Pods.xcconfig */;
			buildSettings = {
				ASSETCATALOG_COMPILER_APPICON_NAME = AppIcon;
				ASSETCATALOG_COMPILER_LAUNCHIMAGE_NAME = LaunchImage;
				FRAMEWORK_SEARCH_PATHS = (
					"$(inherited)",
					"$(DEVELOPER_FRAMEWORKS_DIR)",
					"/Users/RAZA/Desktop/REFrostedViewController-master/Examples/Storyboards",
					"/Users/RAZA/Documents/Developer/REFrostedViewController-master/Examples/Storyboards",
					/Users/drewdennistoun/Developer/LetsEat/App,
					Folder/App,
					Link/Storyboards,
					/Users/RAZA/Documents/Developer/LetsEat/App,
					Folder/App,
					Link/Storyboards,
					"$(PROJECT_DIR)",
				);
				GCC_PRECOMPILE_PREFIX_HEADER = YES;
				GCC_PREFIX_HEADER = "REFrostedViewControllerStoryboards/REFrostedViewControllerStoryboards-Prefix.pch";
				INFOPLIST_FILE = "REFrostedViewControllerStoryboards/REFrostedViewControllerStoryboards-Info.plist";
				IPHONEOS_DEPLOYMENT_TARGET = 7.0;
				PRODUCT_NAME = "Let's Eat";
				TARGETED_DEVICE_FAMILY = "1,2";
				VALID_ARCHS = "armv7 armv7s arm64";
				WRAPPER_EXTENSION = app;
			};
			name = Release;
		};
		3032B8C51805A10100064F85 /* Debug */ = {
			isa = XCBuildConfiguration;
			buildSettings = {
				BUNDLE_LOADER = "$(BUILT_PRODUCTS_DIR)/REFrostedViewControllerStoryboards.app/REFrostedViewControllerStoryboards";
				FRAMEWORK_SEARCH_PATHS = (
					"$(SDKROOT)/Developer/Library/Frameworks",
					"$(inherited)",
					"$(DEVELOPER_FRAMEWORKS_DIR)",
				);
				GCC_PRECOMPILE_PREFIX_HEADER = YES;
				GCC_PREFIX_HEADER = "REFrostedViewControllerStoryboards/REFrostedViewControllerStoryboards-Prefix.pch";
				GCC_PREPROCESSOR_DEFINITIONS = (
					"DEBUG=1",
					"$(inherited)",
				);
				INFOPLIST_FILE = "REFrostedViewControllerStoryboardsTests/REFrostedViewControllerStoryboardsTests-Info.plist";
				PRODUCT_NAME = "$(TARGET_NAME)";
				TEST_HOST = "$(BUNDLE_LOADER)";
				WRAPPER_EXTENSION = xctest;
			};
			name = Debug;
		};
		3032B8C61805A10100064F85 /* Release */ = {
			isa = XCBuildConfiguration;
			buildSettings = {
				BUNDLE_LOADER = "$(BUILT_PRODUCTS_DIR)/REFrostedViewControllerStoryboards.app/REFrostedViewControllerStoryboards";
				FRAMEWORK_SEARCH_PATHS = (
					"$(SDKROOT)/Developer/Library/Frameworks",
					"$(inherited)",
					"$(DEVELOPER_FRAMEWORKS_DIR)",
				);
				GCC_PRECOMPILE_PREFIX_HEADER = YES;
				GCC_PREFIX_HEADER = "REFrostedViewControllerStoryboards/REFrostedViewControllerStoryboards-Prefix.pch";
				INFOPLIST_FILE = "REFrostedViewControllerStoryboardsTests/REFrostedViewControllerStoryboardsTests-Info.plist";
				PRODUCT_NAME = "$(TARGET_NAME)";
				TEST_HOST = "$(BUNDLE_LOADER)";
				WRAPPER_EXTENSION = xctest;
			};
			name = Release;
		};
/* End XCBuildConfiguration section */

/* Begin XCConfigurationList section */
		3032B88A1805A10100064F85 /* Build configuration list for PBXProject "REFrostedViewControllerStoryboards" */ = {
			isa = XCConfigurationList;
			buildConfigurations = (
				3032B8BF1805A10100064F85 /* Debug */,
				3032B8C01805A10100064F85 /* Release */,
			);
			defaultConfigurationIsVisible = 0;
			defaultConfigurationName = Release;
		};
		3032B8C11805A10100064F85 /* Build configuration list for PBXNativeTarget "REFrostedViewControllerStoryboards" */ = {
			isa = XCConfigurationList;
			buildConfigurations = (
				3032B8C21805A10100064F85 /* Debug */,
				3032B8C31805A10100064F85 /* Release */,
			);
			defaultConfigurationIsVisible = 0;
			defaultConfigurationName = Release;
		};
		3032B8C41805A10100064F85 /* Build configuration list for PBXNativeTarget "REFrostedViewControllerStoryboardsTests" */ = {
			isa = XCConfigurationList;
			buildConfigurations = (
				3032B8C51805A10100064F85 /* Debug */,
				3032B8C61805A10100064F85 /* Release */,
			);
			defaultConfigurationIsVisible = 0;
			defaultConfigurationName = Release;
		};
/* End XCConfigurationList section */
	};
	rootObject = 3032B8871805A10100064F85 /* Project object */;
}
